// !$*UTF8*$!
{
	archiveVersion = 1;
	classes = {
	};
	objectVersion = 50;
	objects = {

/* Begin PBXBuildFile section */
		658F2874244D2FB300B5DAB5 /* AppDelegate.swift in Sources */ = {isa = PBXBuildFile; fileRef = 658F2873244D2FB300B5DAB5 /* AppDelegate.swift */; };
		658F2876244D2FB300B5DAB5 /* SceneDelegate.swift in Sources */ = {isa = PBXBuildFile; fileRef = 658F2875244D2FB300B5DAB5 /* SceneDelegate.swift */; };
		658F2878244D2FB300B5DAB5 /* ViewController.swift in Sources */ = {isa = PBXBuildFile; fileRef = 658F2877244D2FB300B5DAB5 /* ViewController.swift */; };
		658F287B244D2FB300B5DAB5 /* Main.storyboard in Resources */ = {isa = PBXBuildFile; fileRef = 658F2879244D2FB300B5DAB5 /* Main.storyboard */; };
		658F287D244D2FBA00B5DAB5 /* Assets.xcassets in Resources */ = {isa = PBXBuildFile; fileRef = 658F287C244D2FBA00B5DAB5 /* Assets.xcassets */; };
		658F2880244D2FBA00B5DAB5 /* LaunchScreen.storyboard in Resources */ = {isa = PBXBuildFile; fileRef = 658F287E244D2FBA00B5DAB5 /* LaunchScreen.storyboard */; };
/* End PBXBuildFile section */

/* Begin PBXFileReference section */
		658F2870244D2FB300B5DAB5 /* AutoLayout-StoryBoard.app */ = {isa = PBXFileReference; explicitFileType = wrapper.application; includeInIndex = 0; path = "AutoLayout-StoryBoard.app"; sourceTree = BUILT_PRODUCTS_DIR; };
		658F2873244D2FB300B5DAB5 /* AppDelegate.swift */ = {isa = PBXFileReference; lastKnownFileType = sourcecode.swift; path = AppDelegate.swift; sourceTree = "<group>"; };
		658F2875244D2FB300B5DAB5 /* SceneDelegate.swift */ = {isa = PBXFileReference; lastKnownFileType = sourcecode.swift; path = SceneDelegate.swift; sourceTree = "<group>"; };
		658F2877244D2FB300B5DAB5 /* ViewController.swift */ = {isa = PBXFileReference; lastKnownFileType = sourcecode.swift; path = ViewController.swift; sourceTree = "<group>"; };
		658F287A244D2FB300B5DAB5 /* Base */ = {isa = PBXFileReference; lastKnownFileType = file.storyboard; name = Base; path = Base.lproj/Main.storyboard; sourceTree = "<group>"; };
		658F287C244D2FBA00B5DAB5 /* Assets.xcassets */ = {isa = PBXFileReference; lastKnownFileType = folder.assetcatalog; path = Assets.xcassets; sourceTree = "<group>"; };
		658F287F244D2FBA00B5DAB5 /* Base */ = {isa = PBXFileReference; lastKnownFileType = file.storyboard; name = Base; path = Base.lproj/LaunchScreen.storyboard; sourceTree = "<group>"; };
		658F2881244D2FBA00B5DAB5 /* Info.plist */ = {isa = PBXFileReference; lastKnownFileType = text.plist.xml; path = Info.plist; sourceTree = "<group>"; };
/* End PBXFileReference section */

/* Begin PBXFrameworksBuildPhase section */
		658F286D244D2FB300B5DAB5 /* Frameworks */ = {
			isa = PBXFrameworksBuildPhase;
			buildActionMask = 2147483647;
			files = (
			);
			runOnlyForDeploymentPostprocessing = 0;
		};
/* End PBXFrameworksBuildPhase section */

/* Begin PBXGroup section */
		658F2867244D2FB300B5DAB5 = {
			isa = PBXGroup;
			children = (
				658F2872244D2FB300B5DAB5 /* AutoLayout-StoryBoard */,
				658F2871244D2FB300B5DAB5 /* Products */,
			);
			sourceTree = "<group>";
		};
		658F2871244D2FB300B5DAB5 /* Products */ = {
			isa = PBXGroup;
			children = (
				658F2870244D2FB300B5DAB5 /* AutoLayout-StoryBoard.app */,
			);
			name = Products;
			sourceTree = "<group>";
		};
		658F2872244D2FB300B5DAB5 /* AutoLayout-StoryBoard */ = {
			isa = PBXGroup;
			children = (
				658F2873244D2FB300B5DAB5 /* AppDelegate.swift */,
				658F2875244D2FB300B5DAB5 /* SceneDelegate.swift */,
				658F2877244D2FB300B5DAB5 /* ViewController.swift */,
				658F2879244D2FB300B5DAB5 /* Main.storyboard */,
				658F287C244D2FBA00B5DAB5 /* Assets.xcassets */,
				658F287E244D2FBA00B5DAB5 /* LaunchScreen.storyboard */,
				658F2881244D2FBA00B5DAB5 /* Info.plist */,
			);
			path = "AutoLayout-StoryBoard";
			sourceTree = "<group>";
		};
/* End PBXGroup section */

/* Begin PBXNativeTarget section */
		658F286F244D2FB300B5DAB5 /* AutoLayout-StoryBoard */ = {
			isa = PBXNativeTarget;
			buildConfigurationList = 658F2884244D2FBA00B5DAB5 /* Build configuration list for PBXNativeTarget "AutoLayout-StoryBoard" */;
			buildPhases = (
				658F286C244D2FB300B5DAB5 /* Sources */,
				658F286D244D2FB300B5DAB5 /* Frameworks */,
				658F286E244D2FB300B5DAB5 /* Resources */,
			);
			buildRules = (
			);
			dependencies = (
			);
			name = "AutoLayout-StoryBoard";
			productName = "AutoLayout-StoryBoard";
			productReference = 658F2870244D2FB300B5DAB5 /* AutoLayout-StoryBoard.app */;
			productType = "com.apple.product-type.application";
		};
/* End PBXNativeTarget section */

/* Begin PBXProject section */
		658F2868244D2FB300B5DAB5 /* Project object */ = {
			isa = PBXProject;
			attributes = {
				LastSwiftUpdateCheck = 1140;
				LastUpgradeCheck = 1140;
				ORGANIZATIONNAME = "Andre Mejia";
				TargetAttributes = {
					658F286F244D2FB300B5DAB5 = {
						CreatedOnToolsVersion = 11.4;
					};
				};
			};
			buildConfigurationList = 658F286B244D2FB300B5DAB5 /* Build configuration list for PBXProject "AutoLayout-StoryBoard" */;
			compatibilityVersion = "Xcode 9.3";
			developmentRegion = en;
			hasScannedForEncodings = 0;
			knownRegions = (
				en,
				Base,
			);
			mainGroup = 658F2867244D2FB300B5DAB5;
			productRefGroup = 658F2871244D2FB300B5DAB5 /* Products */;
			projectDirPath = "";
			projectRoot = "";
			targets = (
				658F286F244D2FB300B5DAB5 /* AutoLayout-StoryBoard */,
			);
		};
/* End PBXProject section */

/* Begin PBXResourcesBuildPhase section */
		658F286E244D2FB300B5DAB5 /* Resources */ = {
			isa = PBXResourcesBuildPhase;
			buildActionMask = 2147483647;
			files = (
				658F2880244D2FBA00B5DAB5 /* LaunchScreen.storyboard in Resources */,
				658F287D244D2FBA00B5DAB5 /* Assets.xcassets in Resources */,
				658F287B244D2FB300B5DAB5 /* Main.storyboard in Resources */,
			);
			runOnlyForDeploymentPostprocessing = 0;
		};
/* End PBXResourcesBuildPhase section */

/* Begin PBXSourcesBuildPhase section */
		658F286C244D2FB300B5DAB5 /* Sources */ = {
			isa = PBXSourcesBuildPhase;
			buildActionMask = 2147483647;
			files = (
				658F2878244D2FB300B5DAB5 /* ViewController.swift in Sources */,
				658F2874244D2FB300B5DAB5 /* AppDelegate.swift in Sources */,
				658F2876244D2FB300B5DAB5 /* SceneDelegate.swift in Sources */,
			);
			runOnlyForDeploymentPostprocessing = 0;
		};
/* End PBXSourcesBuildPhase section */

/* Begin PBXVariantGroup section */
		658F2879244D2FB300B5DAB5 /* Main.storyboard */ = {
			isa = PBXVariantGroup;
			children = (
				658F287A244D2FB300B5DAB5 /* Base */,
			);
			name = Main.storyboard;
			sourceTree = "<group>";
		};
		658F287E244D2FBA00B5DAB5 /* LaunchScreen.storyboard */ = {
			isa = PBXVariantGroup;
			children = (
				658F287F244D2FBA00B5DAB5 /* Base */,
			);
			name = LaunchScreen.storyboard;
			sourceTree = "<group>";
		};
/* End PBXVariantGroup section */

/* Begin XCBuildConfiguration section */
		658F2882244D2FBA00B5DAB5 /* Debug */ = {
			isa = XCBuildConfiguration;
			buildSettings = {
				ALWAYS_SEARCH_USER_PATHS = NO;
				CLANG_ANALYZER_NONNULL = YES;
				CLANG_ANALYZER_NUMBER_OBJECT_CONVERSION = YES_AGGRESSIVE;
				CLANG_CXX_LANGUAGE_STANDARD = "gnu++14";
				CLANG_CXX_LIBRARY = "libc++";
				CLANG_ENABLE_MODULES = YES;
				CLANG_ENABLE_OBJC_ARC = YES;
				CLANG_ENABLE_OBJC_WEAK = YES;
				CLANG_WARN_BLOCK_CAPTURE_AUTORELEASING = YES;
				CLANG_WARN_BOOL_CONVERSION = YES;
				CLANG_WARN_COMMA = YES;
				CLANG_WARN_CONSTANT_CONVERSION = YES;
				CLANG_WARN_DEPRECATED_OBJC_IMPLEMENTATIONS = YES;
				CLANG_WARN_DIRECT_OBJC_ISA_USAGE = YES_ERROR;
				CLANG_WARN_DOCUMENTATION_COMMENTS = YES;
				CLANG_WARN_EMPTY_BODY = YES;
				CLANG_WARN_ENUM_CONVERSION = YES;
				CLANG_WARN_INFINITE_RECURSION = YES;
				CLANG_WARN_INT_CONVERSION = YES;
				CLANG_WARN_NON_LITERAL_NULL_CONVERSION = YES;
				CLANG_WARN_OBJC_IMPLICIT_RETAIN_SELF = YES;
				CLANG_WARN_OBJC_LITERAL_CONVERSION = YES;
				CLANG_WARN_OBJC_ROOT_CLASS = YES_ERROR;
				CLANG_WARN_RANGE_LOOP_ANALYSIS = YES;
				CLANG_WARN_STRICT_PROTOTYPES = YES;
				CLANG_WARN_SUSPICIOUS_MOVE = YES;
				CLANG_WARN_UNGUARDED_AVAILABILITY = YES_AGGRESSIVE;
				CLANG_WARN_UNREACHABLE_CODE = YES;
				CLANG_WARN__DUPLICATE_METHOD_MATCH = YES;
				COPY_PHASE_STRIP = NO;
				DEBUG_INFORMATION_FORMAT = dwarf;
				ENABLE_STRICT_OBJC_MSGSEND = YES;
				ENABLE_TESTABILITY = YES;
				GCC_C_LANGUAGE_STANDARD = gnu11;
				GCC_DYNAMIC_NO_PIC = NO;
				GCC_NO_COMMON_BLOCKS = YES;
				GCC_OPTIMIZATION_LEVEL = 0;
				GCC_PREPROCESSOR_DEFINITIONS = (
					"DEBUG=1",
					"$(inherited)",
				);
				GCC_WARN_64_TO_32_BIT_CONVERSION = YES;
				GCC_WARN_ABOUT_RETURN_TYPE = YES_ERROR;
				GCC_WARN_UNDECLARED_SELECTOR = YES;
				GCC_WARN_UNINITIALIZED_AUTOS = YES_AGGRESSIVE;
				GCC_WARN_UNUSED_FUNCTION = YES;
				GCC_WARN_UNUSED_VARIABLE = YES;
				IPHONEOS_DEPLOYMENT_TARGET = 13.4;
				MTL_ENABLE_DEBUG_INFO = INCLUDE_SOURCE;
				MTL_FAST_MATH = YES;
				ONLY_ACTIVE_ARCH = YES;
				SDKROOT = iphoneos;
				SWIFT_ACTIVE_COMPILATION_CONDITIONS = DEBUG;
				SWIFT_OPTIMIZATION_LEVEL = "-Onone";
			};
			name = Debug;
		};
		658F2883244D2FBA00B5DAB5 /* Release */ = {
			isa = XCBuildConfiguration;
			buildSettings = {
				ALWAYS_SEARCH_USER_PATHS = NO;
				CLANG_ANALYZER_NONNULL = YES;
				CLANG_ANALYZER_NUMBER_OBJECT_CONVERSION = YES_AGGRESSIVE;
				CLANG_CXX_LANGUAGE_STANDARD = "gnu++14";
				CLANG_CXX_LIBRARY = "libc++";
				CLANG_ENABLE_MODULES = YES;
				CLANG_ENABLE_OBJC_ARC = YES;
				CLANG_ENABLE_OBJC_WEAK = YES;
				CLANG_WARN_BLOCK_CAPTURE_AUTORELEASING = YES;
				CLANG_WARN_BOOL_CONVERSION = YES;
				CLANG_WARN_COMMA = YES;
				CLANG_WARN_CONSTANT_CONVERSION = YES;
				CLANG_WARN_DEPRECATED_OBJC_IMPLEMENTATIONS = YES;
				CLANG_WARN_DIRECT_OBJC_ISA_USAGE = YES_ERROR;
				CLANG_WARN_DOCUMENTATION_COMMENTS = YES;
				CLANG_WARN_EMPTY_BODY = YES;
				CLANG_WARN_ENUM_CONVERSION = YES;
				CLANG_WARN_INFINITE_RECURSION = YES;
				CLANG_WARN_INT_CONVERSION = YES;
				CLANG_WARN_NON_LITERAL_NULL_CONVERSION = YES;
				CLANG_WARN_OBJC_IMPLICIT_RETAIN_SELF = YES;
				CLANG_WARN_OBJC_LITERAL_CONVERSION = YES;
				CLANG_WARN_OBJC_ROOT_CLASS = YES_ERROR;
				CLANG_WARN_RANGE_LOOP_ANALYSIS = YES;
				CLANG_WARN_STRICT_PROTOTYPES = YES;
				CLANG_WARN_SUSPICIOUS_MOVE = YES;
				CLANG_WARN_UNGUARDED_AVAILABILITY = YES_AGGRESSIVE;
				CLANG_WARN_UNREACHABLE_CODE = YES;
				CLANG_WARN__DUPLICATE_METHOD_MATCH = YES;
				COPY_PHASE_STRIP = NO;
				DEBUG_INFORMATION_FORMAT = "dwarf-with-dsym";
				ENABLE_NS_ASSERTIONS = NO;
				ENABLE_STRICT_OBJC_MSGSEND = YES;
				GCC_C_LANGUAGE_STANDARD = gnu11;
				GCC_NO_COMMON_BLOCKS = YES;
				GCC_WARN_64_TO_32_BIT_CONVERSION = YES;
				GCC_WARN_ABOUT_RETURN_TYPE = YES_ERROR;
				GCC_WARN_UNDECLARED_SELECTOR = YES;
				GCC_WARN_UNINITIALIZED_AUTOS = YES_AGGRESSIVE;
				GCC_WARN_UNUSED_FUNCTION = YES;
				GCC_WARN_UNUSED_VARIABLE = YES;
				IPHONEOS_DEPLOYMENT_TARGET = 13.4;
				MTL_ENABLE_DEBUG_INFO = NO;
				MTL_FAST_MATH = YES;
				SDKROOT = iphoneos;
				SWIFT_COMPILATION_MODE = wholemodule;
				SWIFT_OPTIMIZATION_LEVEL = "-O";
				VALIDATE_PRODUCT = YES;
			};
			name = Release;
		};
		658F2885244D2FBA00B5DAB5 /* Debug */ = {
			isa = XCBuildConfiguration;
			buildSettings = {
				ASSETCATALOG_COMPILER_APPICON_NAME = AppIcon;
				CODE_SIGN_STYLE = Automatic;
				DEVELOPMENT_TEAM = 24P89QQ5KF;
				INFOPLIST_FILE = "AutoLayout-StoryBoard/Info.plist";
				LD_RUNPATH_SEARCH_PATHS = (
					"$(inherited)",
					"@executable_path/Frameworks",
				);
				PRODUCT_BUNDLE_IDENTIFIER = "andre.AutoLayout-StoryBoard";
				PRODUCT_NAME = "$(TARGET_NAME)";
				SWIFT_VERSION = 5.0;
				TARGETED_DEVICE_FAMILY = "1,2";
			};
			name = Debug;
		};
		658F2886244D2FBA00B5DAB5 /* Release */ = {
			isa = XCBuildConfiguration;
			buildSettings = {
				ASSETCATALOG_COMPILER_APPICON_NAME = AppIcon;
				CODE_SIGN_STYLE = Automatic;
				DEVELOPMENT_TEAM = 24P89QQ5KF;
				INFOPLIST_FILE = "AutoLayout-StoryBoard/Info.plist";
				LD_RUNPATH_SEARCH_PATHS = (
					"$(inherited)",
					"@executable_path/Frameworks",
				);
				PRODUCT_BUNDLE_IDENTIFIER = "andre.AutoLayout-StoryBoard";
				PRODUCT_NAME = "$(TARGET_NAME)";
				SWIFT_VERSION = 5.0;
				TARGETED_DEVICE_FAMILY = "1,2";
			};
			name = Release;
		};
/* End XCBuildConfiguration section */

/* Begin XCConfigurationList section */
		658F286B244D2FB300B5DAB5 /* Build configuration list for PBXProject "AutoLayout-StoryBoard" */ = {
			isa = XCConfigurationList;
			buildConfigurations = (
				658F2882244D2FBA00B5DAB5 /* Debug */,
				658F2883244D2FBA00B5DAB5 /* Release */,
			);
			defaultConfigurationIsVisible = 0;
			defaultConfigurationName = Release;
		};
		658F2884244D2FBA00B5DAB5 /* Build configuration list for PBXNativeTarget "AutoLayout-StoryBoard" */ = {
			isa = XCConfigurationList;
			buildConfigurations = (
				658F2885244D2FBA00B5DAB5 /* Debug */,
				658F2886244D2FBA00B5DAB5 /* Release */,
			);
			defaultConfigurationIsVisible = 0;
			defaultConfigurationName = Release;
		};
/* End XCConfigurationList section */
	};
	rootObject = 658F2868244D2FB300B5DAB5 /* Project object */;
}
