// !$*UTF8*$!
{
	archiveVersion = 1;
	classes = {
	};
	objectVersion = 50;
	objects = {

/* Begin PBXBuildFile section */
		658E6431243D67F30085E5E3 /* main.m in Sources */ = {isa = PBXBuildFile; fileRef = 658E6430243D67F30085E5E3 /* main.m */; };
		658E6439243D6C3F0085E5E3 /* PaymentGateway.m in Sources */ = {isa = PBXBuildFile; fileRef = 658E6438243D6C3F0085E5E3 /* PaymentGateway.m */; };
		658E643C243D6D1F0085E5E3 /* PaypalPaymentService.m in Sources */ = {isa = PBXBuildFile; fileRef = 658E643B243D6D1F0085E5E3 /* PaypalPaymentService.m */; };
		658E643F243D6D370085E5E3 /* StripePaymentService.m in Sources */ = {isa = PBXBuildFile; fileRef = 658E643E243D6D370085E5E3 /* StripePaymentService.m */; };
		658E6442243D6D500085E5E3 /* AmazonPaymentService.m in Sources */ = {isa = PBXBuildFile; fileRef = 658E6441243D6D500085E5E3 /* AmazonPaymentService.m */; };
		658E6445243D74BB0085E5E3 /* ApplePaymentService.m in Sources */ = {isa = PBXBuildFile; fileRef = 658E6444243D74BB0085E5E3 /* ApplePaymentService.m */; };
/* End PBXBuildFile section */

/* Begin PBXCopyFilesBuildPhase section */
		658E642B243D67F30085E5E3 /* CopyFiles */ = {
			isa = PBXCopyFilesBuildPhase;
			buildActionMask = 2147483647;
			dstPath = /usr/share/man/man1/;
			dstSubfolderSpec = 0;
			files = (
			);
			runOnlyForDeploymentPostprocessing = 1;
		};
/* End PBXCopyFilesBuildPhase section */

/* Begin PBXFileReference section */
		658E642D243D67F30085E5E3 /* Payments */ = {isa = PBXFileReference; explicitFileType = "compiled.mach-o.executable"; includeInIndex = 0; path = Payments; sourceTree = BUILT_PRODUCTS_DIR; };
		658E6430243D67F30085E5E3 /* main.m */ = {isa = PBXFileReference; lastKnownFileType = sourcecode.c.objc; path = main.m; sourceTree = "<group>"; };
		658E6437243D6C3F0085E5E3 /* PaymentGateway.h */ = {isa = PBXFileReference; lastKnownFileType = sourcecode.c.h; path = PaymentGateway.h; sourceTree = "<group>"; };
		658E6438243D6C3F0085E5E3 /* PaymentGateway.m */ = {isa = PBXFileReference; lastKnownFileType = sourcecode.c.objc; path = PaymentGateway.m; sourceTree = "<group>"; };
		658E643A243D6D1F0085E5E3 /* PaypalPaymentService.h */ = {isa = PBXFileReference; lastKnownFileType = sourcecode.c.h; path = PaypalPaymentService.h; sourceTree = "<group>"; };
		658E643B243D6D1F0085E5E3 /* PaypalPaymentService.m */ = {isa = PBXFileReference; lastKnownFileType = sourcecode.c.objc; path = PaypalPaymentService.m; sourceTree = "<group>"; };
		658E643D243D6D370085E5E3 /* StripePaymentService.h */ = {isa = PBXFileReference; lastKnownFileType = sourcecode.c.h; path = StripePaymentService.h; sourceTree = "<group>"; };
		658E643E243D6D370085E5E3 /* StripePaymentService.m */ = {isa = PBXFileReference; lastKnownFileType = sourcecode.c.objc; path = StripePaymentService.m; sourceTree = "<group>"; };
		658E6440243D6D500085E5E3 /* AmazonPaymentService.h */ = {isa = PBXFileReference; lastKnownFileType = sourcecode.c.h; path = AmazonPaymentService.h; sourceTree = "<group>"; };
		658E6441243D6D500085E5E3 /* AmazonPaymentService.m */ = {isa = PBXFileReference; lastKnownFileType = sourcecode.c.objc; path = AmazonPaymentService.m; sourceTree = "<group>"; };
		658E6443243D74BB0085E5E3 /* ApplePaymentService.h */ = {isa = PBXFileReference; lastKnownFileType = sourcecode.c.h; path = ApplePaymentService.h; sourceTree = "<group>"; };
		658E6444243D74BB0085E5E3 /* ApplePaymentService.m */ = {isa = PBXFileReference; lastKnownFileType = sourcecode.c.objc; path = ApplePaymentService.m; sourceTree = "<group>"; };
/* End PBXFileReference section */

/* Begin PBXFrameworksBuildPhase section */
		658E642A243D67F30085E5E3 /* Frameworks */ = {
			isa = PBXFrameworksBuildPhase;
			buildActionMask = 2147483647;
			files = (
			);
			runOnlyForDeploymentPostprocessing = 0;
		};
/* End PBXFrameworksBuildPhase section */

/* Begin PBXGroup section */
		658E6424243D67F30085E5E3 = {
			isa = PBXGroup;
			children = (
				658E642F243D67F30085E5E3 /* Payments */,
				658E642E243D67F30085E5E3 /* Products */,
			);
			sourceTree = "<group>";
		};
		658E642E243D67F30085E5E3 /* Products */ = {
			isa = PBXGroup;
			children = (
				658E642D243D67F30085E5E3 /* Payments */,
			);
			name = Products;
			sourceTree = "<group>";
		};
		658E642F243D67F30085E5E3 /* Payments */ = {
			isa = PBXGroup;
			children = (
				658E6430243D67F30085E5E3 /* main.m */,
				658E6437243D6C3F0085E5E3 /* PaymentGateway.h */,
				658E6438243D6C3F0085E5E3 /* PaymentGateway.m */,
				658E643A243D6D1F0085E5E3 /* PaypalPaymentService.h */,
				658E643B243D6D1F0085E5E3 /* PaypalPaymentService.m */,
				658E643D243D6D370085E5E3 /* StripePaymentService.h */,
				658E643E243D6D370085E5E3 /* StripePaymentService.m */,
				658E6440243D6D500085E5E3 /* AmazonPaymentService.h */,
				658E6441243D6D500085E5E3 /* AmazonPaymentService.m */,
				658E6443243D74BB0085E5E3 /* ApplePaymentService.h */,
				658E6444243D74BB0085E5E3 /* ApplePaymentService.m */,
			);
			path = Payments;
			sourceTree = "<group>";
		};
/* End PBXGroup section */

/* Begin PBXNativeTarget section */
		658E642C243D67F30085E5E3 /* Payments */ = {
			isa = PBXNativeTarget;
			buildConfigurationList = 658E6434243D67F30085E5E3 /* Build configuration list for PBXNativeTarget "Payments" */;
			buildPhases = (
				658E6429243D67F30085E5E3 /* Sources */,
				658E642A243D67F30085E5E3 /* Frameworks */,
				658E642B243D67F30085E5E3 /* CopyFiles */,
			);
			buildRules = (
			);
			dependencies = (
			);
			name = Payments;
			productName = Payments;
			productReference = 658E642D243D67F30085E5E3 /* Payments */;
			productType = "com.apple.product-type.tool";
		};
/* End PBXNativeTarget section */

/* Begin PBXProject section */
		658E6425243D67F30085E5E3 /* Project object */ = {
			isa = PBXProject;
			attributes = {
				LastUpgradeCheck = 1140;
				ORGANIZATIONNAME = "Andre Mejia";
				TargetAttributes = {
					658E642C243D67F30085E5E3 = {
						CreatedOnToolsVersion = 11.4;
					};
				};
			};
			buildConfigurationList = 658E6428243D67F30085E5E3 /* Build configuration list for PBXProject "Payments" */;
			compatibilityVersion = "Xcode 9.3";
			developmentRegion = en;
			hasScannedForEncodings = 0;
			knownRegions = (
				en,
				Base,
			);
			mainGroup = 658E6424243D67F30085E5E3;
			productRefGroup = 658E642E243D67F30085E5E3 /* Products */;
			projectDirPath = "";
			projectRoot = "";
			targets = (
				658E642C243D67F30085E5E3 /* Payments */,
			);
		};
/* End PBXProject section */

/* Begin PBXSourcesBuildPhase section */
		658E6429243D67F30085E5E3 /* Sources */ = {
			isa = PBXSourcesBuildPhase;
			buildActionMask = 2147483647;
			files = (
				658E6431243D67F30085E5E3 /* main.m in Sources */,
				658E6442243D6D500085E5E3 /* AmazonPaymentService.m in Sources */,
				658E6439243D6C3F0085E5E3 /* PaymentGateway.m in Sources */,
				658E6445243D74BB0085E5E3 /* ApplePaymentService.m in Sources */,
				658E643C243D6D1F0085E5E3 /* PaypalPaymentService.m in Sources */,
				658E643F243D6D370085E5E3 /* StripePaymentService.m in Sources */,
			);
			runOnlyForDeploymentPostprocessing = 0;
		};
/* End PBXSourcesBuildPhase section */

/* Begin XCBuildConfiguration section */
		658E6432243D67F30085E5E3 /* Debug */ = {
			isa = XCBuildConfiguration;
			buildSettings = {
				ALWAYS_SEARCH_USER_PATHS = NO;
				CLANG_ANALYZER_NONNULL = YES;
				CLANG_ANALYZER_NUMBER_OBJECT_CONVERSION = YES_AGGRESSIVE;
				CLANG_CXX_LANGUAGE_STANDARD = "gnu++14";
				CLANG_CXX_LIBRARY = "libc++";
				CLANG_ENABLE_MODULES = YES;
				CLANG_ENABLE_OBJC_ARC = YES;
				CLANG_ENABLE_OBJC_WEAK = YES;
				CLANG_WARN_BLOCK_CAPTURE_AUTORELEASING = YES;
				CLANG_WARN_BOOL_CONVERSION = YES;
				CLANG_WARN_COMMA = YES;
				CLANG_WARN_CONSTANT_CONVERSION = YES;
				CLANG_WARN_DEPRECATED_OBJC_IMPLEMENTATIONS = YES;
				CLANG_WARN_DIRECT_OBJC_ISA_USAGE = YES_ERROR;
				CLANG_WARN_DOCUMENTATION_COMMENTS = YES;
				CLANG_WARN_EMPTY_BODY = YES;
				CLANG_WARN_ENUM_CONVERSION = YES;
				CLANG_WARN_INFINITE_RECURSION = YES;
				CLANG_WARN_INT_CONVERSION = YES;
				CLANG_WARN_NON_LITERAL_NULL_CONVERSION = YES;
				CLANG_WARN_OBJC_IMPLICIT_RETAIN_SELF = YES;
				CLANG_WARN_OBJC_LITERAL_CONVERSION = YES;
				CLANG_WARN_OBJC_ROOT_CLASS = YES_ERROR;
				CLANG_WARN_RANGE_LOOP_ANALYSIS = YES;
				CLANG_WARN_STRICT_PROTOTYPES = YES;
				CLANG_WARN_SUSPICIOUS_MOVE = YES;
				CLANG_WARN_UNGUARDED_AVAILABILITY = YES_AGGRESSIVE;
				CLANG_WARN_UNREACHABLE_CODE = YES;
				CLANG_WARN__DUPLICATE_METHOD_MATCH = YES;
				COPY_PHASE_STRIP = NO;
				DEBUG_INFORMATION_FORMAT = dwarf;
				ENABLE_STRICT_OBJC_MSGSEND = YES;
				ENABLE_TESTABILITY = YES;
				GCC_C_LANGUAGE_STANDARD = gnu11;
				GCC_DYNAMIC_NO_PIC = NO;
				GCC_NO_COMMON_BLOCKS = YES;
				GCC_OPTIMIZATION_LEVEL = 0;
				GCC_PREPROCESSOR_DEFINITIONS = (
					"DEBUG=1",
					"$(inherited)",
				);
				GCC_WARN_64_TO_32_BIT_CONVERSION = YES;
				GCC_WARN_ABOUT_RETURN_TYPE = YES_ERROR;
				GCC_WARN_UNDECLARED_SELECTOR = YES;
				GCC_WARN_UNINITIALIZED_AUTOS = YES_AGGRESSIVE;
				GCC_WARN_UNUSED_FUNCTION = YES;
				GCC_WARN_UNUSED_VARIABLE = YES;
				MACOSX_DEPLOYMENT_TARGET = 10.15;
				MTL_ENABLE_DEBUG_INFO = INCLUDE_SOURCE;
				MTL_FAST_MATH = YES;
				ONLY_ACTIVE_ARCH = YES;
				SDKROOT = macosx;
			};
			name = Debug;
		};
		658E6433243D67F30085E5E3 /* Release */ = {
			isa = XCBuildConfiguration;
			buildSettings = {
				ALWAYS_SEARCH_USER_PATHS = NO;
				CLANG_ANALYZER_NONNULL = YES;
				CLANG_ANALYZER_NUMBER_OBJECT_CONVERSION = YES_AGGRESSIVE;
				CLANG_CXX_LANGUAGE_STANDARD = "gnu++14";
				CLANG_CXX_LIBRARY = "libc++";
				CLANG_ENABLE_MODULES = YES;
				CLANG_ENABLE_OBJC_ARC = YES;
				CLANG_ENABLE_OBJC_WEAK = YES;
				CLANG_WARN_BLOCK_CAPTURE_AUTORELEASING = YES;
				CLANG_WARN_BOOL_CONVERSION = YES;
				CLANG_WARN_COMMA = YES;
				CLANG_WARN_CONSTANT_CONVERSION = YES;
				CLANG_WARN_DEPRECATED_OBJC_IMPLEMENTATIONS = YES;
				CLANG_WARN_DIRECT_OBJC_ISA_USAGE = YES_ERROR;
				CLANG_WARN_DOCUMENTATION_COMMENTS = YES;
				CLANG_WARN_EMPTY_BODY = YES;
				CLANG_WARN_ENUM_CONVERSION = YES;
				CLANG_WARN_INFINITE_RECURSION = YES;
				CLANG_WARN_INT_CONVERSION = YES;
				CLANG_WARN_NON_LITERAL_NULL_CONVERSION = YES;
				CLANG_WARN_OBJC_IMPLICIT_RETAIN_SELF = YES;
				CLANG_WARN_OBJC_LITERAL_CONVERSION = YES;
				CLANG_WARN_OBJC_ROOT_CLASS = YES_ERROR;
				CLANG_WARN_RANGE_LOOP_ANALYSIS = YES;
				CLANG_WARN_STRICT_PROTOTYPES = YES;
				CLANG_WARN_SUSPICIOUS_MOVE = YES;
				CLANG_WARN_UNGUARDED_AVAILABILITY = YES_AGGRESSIVE;
				CLANG_WARN_UNREACHABLE_CODE = YES;
				CLANG_WARN__DUPLICATE_METHOD_MATCH = YES;
				COPY_PHASE_STRIP = NO;
				DEBUG_INFORMATION_FORMAT = "dwarf-with-dsym";
				ENABLE_NS_ASSERTIONS = NO;
				ENABLE_STRICT_OBJC_MSGSEND = YES;
				GCC_C_LANGUAGE_STANDARD = gnu11;
				GCC_NO_COMMON_BLOCKS = YES;
				GCC_WARN_64_TO_32_BIT_CONVERSION = YES;
				GCC_WARN_ABOUT_RETURN_TYPE = YES_ERROR;
				GCC_WARN_UNDECLARED_SELECTOR = YES;
				GCC_WARN_UNINITIALIZED_AUTOS = YES_AGGRESSIVE;
				GCC_WARN_UNUSED_FUNCTION = YES;
				GCC_WARN_UNUSED_VARIABLE = YES;
				MACOSX_DEPLOYMENT_TARGET = 10.15;
				MTL_ENABLE_DEBUG_INFO = NO;
				MTL_FAST_MATH = YES;
				SDKROOT = macosx;
			};
			name = Release;
		};
		658E6435243D67F30085E5E3 /* Debug */ = {
			isa = XCBuildConfiguration;
			buildSettings = {
				CODE_SIGN_STYLE = Automatic;
				PRODUCT_NAME = "$(TARGET_NAME)";
			};
			name = Debug;
		};
		658E6436243D67F30085E5E3 /* Release */ = {
			isa = XCBuildConfiguration;
			buildSettings = {
				CODE_SIGN_STYLE = Automatic;
				PRODUCT_NAME = "$(TARGET_NAME)";
			};
			name = Release;
		};
/* End XCBuildConfiguration section */

/* Begin XCConfigurationList section */
		658E6428243D67F30085E5E3 /* Build configuration list for PBXProject "Payments" */ = {
			isa = XCConfigurationList;
			buildConfigurations = (
				658E6432243D67F30085E5E3 /* Debug */,
				658E6433243D67F30085E5E3 /* Release */,
			);
			defaultConfigurationIsVisible = 0;
			defaultConfigurationName = Release;
		};
		658E6434243D67F30085E5E3 /* Build configuration list for PBXNativeTarget "Payments" */ = {
			isa = XCConfigurationList;
			buildConfigurations = (
				658E6435243D67F30085E5E3 /* Debug */,
				658E6436243D67F30085E5E3 /* Release */,
			);
			defaultConfigurationIsVisible = 0;
			defaultConfigurationName = Release;
		};
/* End XCConfigurationList section */
	};
	rootObject = 658E6425243D67F30085E5E3 /* Project object */;
}
